
Microsoft Visual Studio Solution File, Format Version 12.00
# Visual Studio Version 17
VisualStudioVersion = 17.1.32414.318
MinimumVisualStudioVersion = 10.0.40219.1
Project("{9A19103F-16F7-4668-BE54-9A1E7A4F7556}") = "IsraaJournals", "IsraaJournals\IsraaJournals.csproj", "{18A707BE-8B82-404C-837A-70A761B7CCCE}"
EndProject
Project("{9A19103F-16F7-4668-BE54-9A1E7A4F7556}") = "IsraaJornal.ViewModel", "IsraaJornal.ViewModel\IsraaJornal.ViewModel.csproj", "{4E5544AB-14CC-4604-9BC5-E6E6DD8378ED}"
EndProject
Project("{FAE04EC0-301F-11D3-BF4B-00C04F79EFBC}") = "IsraaJornals.Report", "IsraaJornals.Report\IsraaJornals.Report.csproj", "{D9267780-F9A4-432C-B754-587A46A09905}"
EndProject
Global
	GlobalSection(SolutionConfigurationPlatforms) = preSolution
		Debug|Any CPU = Debug|Any CPU
		Release|Any CPU = Release|Any CPU
	EndGlobalSection
	GlobalSection(ProjectConfigurationPlatforms) = postSolution
		{18A707BE-8B82-404C-837A-70A761B7CCCE}.Debug|Any CPU.ActiveCfg = Debug|Any CPU
		{18A707BE-8B82-404C-837A-70A761B7CCCE}.Debug|Any CPU.Build.0 = Debug|Any CPU
		{18A707BE-8B82-404C-837A-70A761B7CCCE}.Release|Any CPU.ActiveCfg = Release|Any CPU
		{18A707BE-8B82-404C-837A-70A761B7CCCE}.Release|Any CPU.Build.0 = Release|Any CPU
		{4E5544AB-14CC-4604-9BC5-E6E6DD8378ED}.Debug|Any CPU.ActiveCfg = Debug|Any CPU
		{4E5544AB-14CC-4604-9BC5-E6E6DD8378ED}.Debug|Any CPU.Build.0 = Debug|Any CPU
		{4E5544AB-14CC-4604-9BC5-E6E6DD8378ED}.Release|Any CPU.ActiveCfg = Release|Any CPU
		{4E5544AB-14CC-4604-9BC5-E6E6DD8378ED}.Release|Any CPU.Build.0 = Release|Any CPU
		{D9267780-F9A4-432C-B754-587A46A09905}.Debug|Any CPU.ActiveCfg = Debug|Any CPU
		{D9267780-F9A4-432C-B754-587A46A09905}.Debug|Any CPU.Build.0 = Debug|Any CPU
		{D9267780-F9A4-432C-B754-587A46A09905}.Release|Any CPU.ActiveCfg = Release|Any CPU
		{D9267780-F9A4-432C-B754-587A46A09905}.Release|Any CPU.Build.0 = Release|Any CPU
	EndGlobalSection
	GlobalSection(SolutionProperties) = preSolution
		HideSolutionNode = FALSE
	EndGlobalSection
	GlobalSection(ExtensibilityGlobals) = postSolution
		SolutionGuid = {D9029A1F-2C86-438C-8E7D-70BF94D3DF6D}
	EndGlobalSection
EndGlobal
